{
    "version": 3,
    "terraform_version": "0.11.14",
    "serial": 5,
    "lineage": "79aaf2b4-6bdf-4309-3b32-d9dd696f7170",
    "modules": [
        {
            "path": [
                "root"
            ],
            "outputs": {},
            "resources": {
                "aws_security_group.ecs_service_sg": {
                    "type": "aws_security_group",
                    "depends_on": [
                        "aws_security_group.lb_sg",
                        "module.vpc"
                    ],
                    "primary": {
                        "id": "sg-0b82e992e87ef0ccc",
                        "attributes": {
                            "arn": "arn:aws:ec2:us-east-1:541585145005:security-group/sg-0b82e992e87ef0ccc",
                            "description": "Allow all inbound traffic to service port",
                            "egress.#": "1",
                            "egress.482069346.cidr_blocks.#": "1",
                            "egress.482069346.cidr_blocks.0": "0.0.0.0/0",
                            "egress.482069346.description": "",
                            "egress.482069346.from_port": "0",
                            "egress.482069346.ipv6_cidr_blocks.#": "0",
                            "egress.482069346.prefix_list_ids.#": "0",
                            "egress.482069346.protocol": "-1",
                            "egress.482069346.security_groups.#": "0",
                            "egress.482069346.self": "false",
                            "egress.482069346.to_port": "0",
                            "id": "sg-0b82e992e87ef0ccc",
                            "ingress.#": "1",
                            "ingress.131493045.cidr_blocks.#": "0",
                            "ingress.131493045.description": "",
                            "ingress.131493045.from_port": "80",
                            "ingress.131493045.ipv6_cidr_blocks.#": "0",
                            "ingress.131493045.prefix_list_ids.#": "0",
                            "ingress.131493045.protocol": "tcp",
                            "ingress.131493045.security_groups.#": "1",
                            "ingress.131493045.security_groups.2271722602": "sg-0a90e656e24b34417",
                            "ingress.131493045.self": "false",
                            "ingress.131493045.to_port": "80",
                            "name": "fargate-ecs-service-sg",
                            "owner_id": "541585145005",
                            "revoke_rules_on_delete": "false",
                            "tags.%": "1",
                            "tags.Name": "fargate-ecs-service-sg",
                            "vpc_id": "vpc-0282b001d5cd3edf4"
                        },
                        "meta": {
                            "e2bfb730-ecaa-11e6-8f88-34363bc7c4c0": {
                                "create": 600000000000,
                                "delete": 600000000000
                            },
                            "schema_version": "1"
                        },
                        "tainted": false
                    },
                    "deposed": [],
                    "provider": "provider.aws"
                },
                "aws_security_group.lb_sg": {
                    "type": "aws_security_group",
                    "depends_on": [
                        "module.vpc"
                    ],
                    "primary": {
                        "id": "sg-0a90e656e24b34417",
                        "attributes": {
                            "arn": "arn:aws:ec2:us-east-1:541585145005:security-group/sg-0a90e656e24b34417",
                            "description": "Allow all inbound traffic to http and https",
                            "egress.#": "1",
                            "egress.482069346.cidr_blocks.#": "1",
                            "egress.482069346.cidr_blocks.0": "0.0.0.0/0",
                            "egress.482069346.description": "",
                            "egress.482069346.from_port": "0",
                            "egress.482069346.ipv6_cidr_blocks.#": "0",
                            "egress.482069346.prefix_list_ids.#": "0",
                            "egress.482069346.protocol": "-1",
                            "egress.482069346.security_groups.#": "0",
                            "egress.482069346.self": "false",
                            "egress.482069346.to_port": "0",
                            "id": "sg-0a90e656e24b34417",
                            "ingress.#": "2",
                            "ingress.2214680975.cidr_blocks.#": "1",
                            "ingress.2214680975.cidr_blocks.0": "0.0.0.0/0",
                            "ingress.2214680975.description": "",
                            "ingress.2214680975.from_port": "80",
                            "ingress.2214680975.ipv6_cidr_blocks.#": "0",
                            "ingress.2214680975.prefix_list_ids.#": "0",
                            "ingress.2214680975.protocol": "tcp",
                            "ingress.2214680975.security_groups.#": "0",
                            "ingress.2214680975.self": "false",
                            "ingress.2214680975.to_port": "80",
                            "ingress.2617001939.cidr_blocks.#": "1",
                            "ingress.2617001939.cidr_blocks.0": "0.0.0.0/0",
                            "ingress.2617001939.description": "",
                            "ingress.2617001939.from_port": "443",
                            "ingress.2617001939.ipv6_cidr_blocks.#": "0",
                            "ingress.2617001939.prefix_list_ids.#": "0",
                            "ingress.2617001939.protocol": "tcp",
                            "ingress.2617001939.security_groups.#": "0",
                            "ingress.2617001939.self": "false",
                            "ingress.2617001939.to_port": "443",
                            "name": "load-balancer-sg",
                            "owner_id": "541585145005",
                            "revoke_rules_on_delete": "false",
                            "tags.%": "1",
                            "tags.Name": "load-balancer-sg",
                            "vpc_id": "vpc-0282b001d5cd3edf4"
                        },
                        "meta": {
                            "e2bfb730-ecaa-11e6-8f88-34363bc7c4c0": {
                                "create": 600000000000,
                                "delete": 600000000000
                            },
                            "schema_version": "1"
                        },
                        "tainted": false
                    },
                    "deposed": [],
                    "provider": "provider.aws"
                },
                "data.aws_route53_zone.zone": {
                    "type": "aws_route53_zone",
                    "depends_on": [],
                    "primary": {
                        "id": "Z3T6H53BUFJCXX",
                        "attributes": {
                            "caller_reference": "DFCF3DB4-4BF2-83FD-AD1C-C51AA6AB7916",
                            "comment": "",
                            "id": "Z3T6H53BUFJCXX",
                            "name": "testing.nis.could.vt.edu.",
                            "name_servers.#": "4",
                            "name_servers.0": "ns-753.awsdns-30.net",
                            "name_servers.1": "ns-120.awsdns-15.com",
                            "name_servers.2": "ns-1541.awsdns-00.co.uk",
                            "name_servers.3": "ns-1223.awsdns-24.org",
                            "private_zone": "false",
                            "resource_record_set_count": "2",
                            "zone_id": "Z3T6H53BUFJCXX"
                        },
                        "meta": {},
                        "tainted": false
                    },
                    "deposed": [],
                    "provider": "provider.aws"
                }
            },
            "depends_on": []
        },
        {
            "path": [
                "root",
                "alb_shared_services_external"
            ],
            "outputs": {
                "dns_name": {
                    "sensitive": false,
                    "type": "string",
                    "value": "ecs-external-1394061812.us-east-1.elb.amazonaws.com"
                },
                "http_tcp_listener_arns": {
                    "sensitive": false,
                    "type": "list",
                    "value": [
                        "arn:aws:elasticloadbalancing:us-east-1:541585145005:listener/app/ecs-external/23ad6b3148bef36a/dc7eae35667d237f"
                    ]
                },
                "http_tcp_listener_ids": {
                    "sensitive": false,
                    "type": "list",
                    "value": [
                        "arn:aws:elasticloadbalancing:us-east-1:541585145005:listener/app/ecs-external/23ad6b3148bef36a/dc7eae35667d237f"
                    ]
                },
                "https_listener_arns": {
                    "sensitive": false,
                    "type": "list",
                    "value": []
                },
                "https_listener_ids": {
                    "sensitive": false,
                    "type": "list",
                    "value": []
                },
                "load_balancer_arn_suffix": {
                    "sensitive": false,
                    "type": "string",
                    "value": "app/ecs-external/23ad6b3148bef36a"
                },
                "load_balancer_id": {
                    "sensitive": false,
                    "type": "string",
                    "value": "arn:aws:elasticloadbalancing:us-east-1:541585145005:loadbalancer/app/ecs-external/23ad6b3148bef36a"
                },
                "load_balancer_zone_id": {
                    "sensitive": false,
                    "type": "string",
                    "value": "Z35SXDOTRQ7X7K"
                },
                "target_group_arn_suffixes": {
                    "sensitive": false,
                    "type": "list",
                    "value": [
                        "targetgroup/default-ext/a114dc6d73dfa332"
                    ]
                },
                "target_group_arns": {
                    "sensitive": false,
                    "type": "list",
                    "value": [
                        "arn:aws:elasticloadbalancing:us-east-1:541585145005:targetgroup/default-ext/a114dc6d73dfa332"
                    ]
                },
                "target_group_names": {
                    "sensitive": false,
                    "type": "list",
                    "value": [
                        "default-ext"
                    ]
                }
            },
            "resources": {
                "aws_lb.application": {
                    "type": "aws_lb",
                    "depends_on": [],
                    "primary": {
                        "id": "arn:aws:elasticloadbalancing:us-east-1:541585145005:loadbalancer/app/ecs-external/23ad6b3148bef36a",
                        "attributes": {
                            "access_logs.#": "1",
                            "access_logs.0.bucket": "dcr-test-lb-s3-bucket-98749234phwhfkjsdhfwer",
                            "access_logs.0.enabled": "true",
                            "access_logs.0.prefix": "",
                            "arn": "arn:aws:elasticloadbalancing:us-east-1:541585145005:loadbalancer/app/ecs-external/23ad6b3148bef36a",
                            "arn_suffix": "app/ecs-external/23ad6b3148bef36a",
                            "dns_name": "ecs-external-1394061812.us-east-1.elb.amazonaws.com",
                            "enable_deletion_protection": "false",
                            "enable_http2": "true",
                            "id": "arn:aws:elasticloadbalancing:us-east-1:541585145005:loadbalancer/app/ecs-external/23ad6b3148bef36a",
                            "idle_timeout": "60",
                            "internal": "false",
                            "ip_address_type": "ipv4",
                            "load_balancer_type": "application",
                            "name": "ecs-external",
                            "security_groups.#": "1",
                            "security_groups.2271722602": "sg-0a90e656e24b34417",
                            "subnet_mapping.#": "2",
                            "subnet_mapping.385499951.allocation_id": "",
                            "subnet_mapping.385499951.subnet_id": "subnet-0f855cddb14e796de",
                            "subnet_mapping.4246828073.allocation_id": "",
                            "subnet_mapping.4246828073.subnet_id": "subnet-05c420067d8bbe716",
                            "subnets.#": "2",
                            "subnets.1290216209": "subnet-05c420067d8bbe716",
                            "subnets.2581994196": "subnet-0f855cddb14e796de",
                            "tags.%": "2",
                            "tags.Environment": "ECS Test Setup",
                            "tags.Name": "ecs-external",
                            "vpc_id": "vpc-0282b001d5cd3edf4",
                            "zone_id": "Z35SXDOTRQ7X7K"
                        },
                        "meta": {
                            "e2bfb730-ecaa-11e6-8f88-34363bc7c4c0": {
                                "create": 600000000000,
                                "delete": 600000000000,
                                "update": 600000000000
                            }
                        },
                        "tainted": false
                    },
                    "deposed": [],
                    "provider": "provider.aws"
                },
                "aws_lb_listener.frontend_http_tcp": {
                    "type": "aws_lb_listener",
                    "depends_on": [
                        "aws_lb.application.*",
                        "aws_lb.application_no_logs.*",
                        "aws_lb_target_group.main.*"
                    ],
                    "primary": {
                        "id": "arn:aws:elasticloadbalancing:us-east-1:541585145005:listener/app/ecs-external/23ad6b3148bef36a/dc7eae35667d237f",
                        "attributes": {
                            "arn": "arn:aws:elasticloadbalancing:us-east-1:541585145005:listener/app/ecs-external/23ad6b3148bef36a/dc7eae35667d237f",
                            "default_action.#": "1",
                            "default_action.0.authenticate_cognito.#": "0",
                            "default_action.0.authenticate_oidc.#": "0",
                            "default_action.0.fixed_response.#": "0",
                            "default_action.0.order": "1",
                            "default_action.0.redirect.#": "0",
                            "default_action.0.target_group_arn": "arn:aws:elasticloadbalancing:us-east-1:541585145005:targetgroup/default-ext/a114dc6d73dfa332",
                            "default_action.0.type": "forward",
                            "id": "arn:aws:elasticloadbalancing:us-east-1:541585145005:listener/app/ecs-external/23ad6b3148bef36a/dc7eae35667d237f",
                            "load_balancer_arn": "arn:aws:elasticloadbalancing:us-east-1:541585145005:loadbalancer/app/ecs-external/23ad6b3148bef36a",
                            "port": "80",
                            "protocol": "HTTP",
                            "ssl_policy": ""
                        },
                        "meta": {
                            "e2bfb730-ecaa-11e6-8f88-34363bc7c4c0": {
                                "read": 600000000000
                            }
                        },
                        "tainted": false
                    },
                    "deposed": [],
                    "provider": "provider.aws"
                },
                "aws_lb_target_group.main": {
                    "type": "aws_lb_target_group",
                    "depends_on": [
                        "aws_lb.application"
                    ],
                    "primary": {
                        "id": "arn:aws:elasticloadbalancing:us-east-1:541585145005:targetgroup/default-ext/a114dc6d73dfa332",
                        "attributes": {
                            "arn": "arn:aws:elasticloadbalancing:us-east-1:541585145005:targetgroup/default-ext/a114dc6d73dfa332",
                            "arn_suffix": "targetgroup/default-ext/a114dc6d73dfa332",
                            "deregistration_delay": "300",
                            "health_check.#": "1",
                            "health_check.0.enabled": "true",
                            "health_check.0.healthy_threshold": "3",
                            "health_check.0.interval": "10",
                            "health_check.0.matcher": "200-299",
                            "health_check.0.path": "/",
                            "health_check.0.port": "traffic-port",
                            "health_check.0.protocol": "HTTP",
                            "health_check.0.timeout": "5",
                            "health_check.0.unhealthy_threshold": "3",
                            "id": "arn:aws:elasticloadbalancing:us-east-1:541585145005:targetgroup/default-ext/a114dc6d73dfa332",
                            "lambda_multi_value_headers_enabled": "false",
                            "name": "default-ext",
                            "port": "80",
                            "protocol": "HTTP",
                            "proxy_protocol_v2": "false",
                            "slow_start": "0",
                            "stickiness.#": "1",
                            "stickiness.0.cookie_duration": "86400",
                            "stickiness.0.enabled": "true",
                            "stickiness.0.type": "lb_cookie",
                            "tags.%": "2",
                            "tags.Environment": "ECS Test Setup",
                            "tags.Name": "default-ext",
                            "target_type": "instance",
                            "vpc_id": "vpc-0282b001d5cd3edf4"
                        },
                        "meta": {},
                        "tainted": false
                    },
                    "deposed": [],
                    "provider": "provider.aws"
                }
            },
            "depends_on": []
        },
        {
            "path": [
                "root",
                "lb_s3_bucket"
            ],
            "outputs": {
                "bucket_arn": {
                    "sensitive": false,
                    "type": "string",
                    "value": "arn:aws:s3:::dcr-test-lb-s3-bucket-98749234phwhfkjsdhfwer"
                },
                "bucket_domain_name": {
                    "sensitive": false,
                    "type": "string",
                    "value": "dcr-test-lb-s3-bucket-98749234phwhfkjsdhfwer.s3.amazonaws.com"
                },
                "bucket_id": {
                    "sensitive": false,
                    "type": "string",
                    "value": "dcr-test-lb-s3-bucket-98749234phwhfkjsdhfwer"
                },
                "bucket_prefix": {
                    "sensitive": false,
                    "type": "string",
                    "value": ""
                }
            },
            "resources": {
                "data.aws_elb_service_account.default": {
                    "type": "aws_elb_service_account",
                    "depends_on": [],
                    "primary": {
                        "id": "127311923021",
                        "attributes": {
                            "arn": "arn:aws:iam::127311923021:root",
                            "id": "127311923021"
                        },
                        "meta": {},
                        "tainted": false
                    },
                    "deposed": [],
                    "provider": "provider.aws"
                },
                "data.aws_iam_policy_document.default": {
                    "type": "aws_iam_policy_document",
                    "depends_on": [
                        "data.aws_elb_service_account.default",
                        "module.label"
                    ],
                    "primary": {
                        "id": "589743523",
                        "attributes": {
                            "id": "589743523",
                            "json": "{\n  \"Version\": \"2012-10-17\",\n  \"Statement\": [\n    {\n      \"Sid\": \"\",\n      \"Effect\": \"Allow\",\n      \"Action\": \"s3:PutObject\",\n      \"Resource\": \"arn:aws:s3:::dcr-test-lb-s3-bucket-98749234phwhfkjsdhfwer/*\",\n      \"Principal\": {\n        \"AWS\": \"arn:aws:iam::127311923021:root\"\n      }\n    }\n  ]\n}",
                            "statement.#": "1",
                            "statement.0.actions.#": "1",
                            "statement.0.actions.315547055": "s3:PutObject",
                            "statement.0.condition.#": "0",
                            "statement.0.effect": "Allow",
                            "statement.0.not_actions.#": "0",
                            "statement.0.not_principals.#": "0",
                            "statement.0.not_resources.#": "0",
                            "statement.0.principals.#": "1",
                            "statement.0.principals.1001788533.identifiers.#": "1",
                            "statement.0.principals.1001788533.identifiers.1294614456": "arn:aws:iam::127311923021:root",
                            "statement.0.principals.1001788533.type": "AWS",
                            "statement.0.resources.#": "1",
                            "statement.0.resources.619530821": "arn:aws:s3:::dcr-test-lb-s3-bucket-98749234phwhfkjsdhfwer/*",
                            "statement.0.sid": "",
                            "version": "2012-10-17"
                        },
                        "meta": {},
                        "tainted": false
                    },
                    "deposed": [],
                    "provider": "provider.aws"
                }
            },
            "depends_on": []
        },
        {
            "path": [
                "root",
                "vpc"
            ],
            "outputs": {
                "database_route_table_ids": {
                    "sensitive": false,
                    "type": "list",
                    "value": [
                        "rtb-089ef564b80782ad3"
                    ]
                },
                "database_subnet_group": {
                    "sensitive": false,
                    "type": "string",
                    "value": ""
                },
                "database_subnets": {
                    "sensitive": false,
                    "type": "list",
                    "value": []
                },
                "database_subnets_cidr_blocks": {
                    "sensitive": false,
                    "type": "list",
                    "value": []
                },
                "default_network_acl_id": {
                    "sensitive": false,
                    "type": "string",
                    "value": "acl-018b7fb0cef8c7978"
                },
                "default_route_table_id": {
                    "sensitive": false,
                    "type": "string",
                    "value": "rtb-0f6d199fa9e390270"
                },
                "default_security_group_id": {
                    "sensitive": false,
                    "type": "string",
                    "value": "sg-0cde8993c295361a0"
                },
                "default_vpc_cidr_block": {
                    "sensitive": false,
                    "type": "string",
                    "value": ""
                },
                "default_vpc_default_network_acl_id": {
                    "sensitive": false,
                    "type": "string",
                    "value": ""
                },
                "default_vpc_default_route_table_id": {
                    "sensitive": false,
                    "type": "string",
                    "value": ""
                },
                "default_vpc_default_security_group_id": {
                    "sensitive": false,
                    "type": "string",
                    "value": ""
                },
                "default_vpc_enable_dns_hostnames": {
                    "sensitive": false,
                    "type": "string",
                    "value": ""
                },
                "default_vpc_enable_dns_support": {
                    "sensitive": false,
                    "type": "string",
                    "value": ""
                },
                "default_vpc_id": {
                    "sensitive": false,
                    "type": "string",
                    "value": ""
                },
                "default_vpc_instance_tenancy": {
                    "sensitive": false,
                    "type": "string",
                    "value": ""
                },
                "default_vpc_main_route_table_id": {
                    "sensitive": false,
                    "type": "string",
                    "value": ""
                },
                "elasticache_route_table_ids": {
                    "sensitive": false,
                    "type": "list",
                    "value": [
                        "rtb-089ef564b80782ad3"
                    ]
                },
                "elasticache_subnet_group": {
                    "sensitive": false,
                    "type": "string",
                    "value": ""
                },
                "elasticache_subnet_group_name": {
                    "sensitive": false,
                    "type": "string",
                    "value": ""
                },
                "elasticache_subnets": {
                    "sensitive": false,
                    "type": "list",
                    "value": []
                },
                "elasticache_subnets_cidr_blocks": {
                    "sensitive": false,
                    "type": "list",
                    "value": []
                },
                "igw_id": {
                    "sensitive": false,
                    "type": "string",
                    "value": "igw-08f65584c09024982"
                },
                "intra_route_table_ids": {
                    "sensitive": false,
                    "type": "list",
                    "value": []
                },
                "intra_subnets": {
                    "sensitive": false,
                    "type": "list",
                    "value": []
                },
                "intra_subnets_cidr_blocks": {
                    "sensitive": false,
                    "type": "list",
                    "value": []
                },
                "nat_ids": {
                    "sensitive": false,
                    "type": "list",
                    "value": [
                        "eipalloc-0d5d8e09b0db79b74"
                    ]
                },
                "nat_public_ips": {
                    "sensitive": false,
                    "type": "list",
                    "value": [
                        "3.226.130.132"
                    ]
                },
                "natgw_ids": {
                    "sensitive": false,
                    "type": "list",
                    "value": [
                        "nat-04a675b66d77763fb"
                    ]
                },
                "private_route_table_ids": {
                    "sensitive": false,
                    "type": "list",
                    "value": [
                        "rtb-089ef564b80782ad3"
                    ]
                },
                "private_subnets": {
                    "sensitive": false,
                    "type": "list",
                    "value": [
                        "subnet-0ab399933537e6622",
                        "subnet-041ee0754ebc5547a"
                    ]
                },
                "private_subnets_cidr_blocks": {
                    "sensitive": false,
                    "type": "list",
                    "value": [
                        "10.50.21.0/24",
                        "10.50.22.0/24"
                    ]
                },
                "public_route_table_ids": {
                    "sensitive": false,
                    "type": "list",
                    "value": [
                        "rtb-0eeaae714436d8289"
                    ]
                },
                "public_subnets": {
                    "sensitive": false,
                    "type": "list",
                    "value": [
                        "subnet-0f855cddb14e796de",
                        "subnet-05c420067d8bbe716"
                    ]
                },
                "public_subnets_cidr_blocks": {
                    "sensitive": false,
                    "type": "list",
                    "value": [
                        "10.50.11.0/24",
                        "10.50.12.0/24"
                    ]
                },
                "redshift_route_table_ids": {
                    "sensitive": false,
                    "type": "list",
                    "value": [
                        "rtb-089ef564b80782ad3"
                    ]
                },
                "redshift_subnet_group": {
                    "sensitive": false,
                    "type": "string",
                    "value": ""
                },
                "redshift_subnets": {
                    "sensitive": false,
                    "type": "list",
                    "value": []
                },
                "redshift_subnets_cidr_blocks": {
                    "sensitive": false,
                    "type": "list",
                    "value": []
                },
                "vgw_id": {
                    "sensitive": false,
                    "type": "string",
                    "value": ""
                },
                "vpc_cidr_block": {
                    "sensitive": false,
                    "type": "string",
                    "value": "10.50.0.0/16"
                },
                "vpc_enable_dns_hostnames": {
                    "sensitive": false,
                    "type": "string",
                    "value": "true"
                },
                "vpc_enable_dns_support": {
                    "sensitive": false,
                    "type": "string",
                    "value": "true"
                },
                "vpc_endpoint_dynamodb_id": {
                    "sensitive": false,
                    "type": "string",
                    "value": ""
                },
                "vpc_endpoint_dynamodb_pl_id": {
                    "sensitive": false,
                    "type": "string",
                    "value": ""
                },
                "vpc_endpoint_s3_id": {
                    "sensitive": false,
                    "type": "string",
                    "value": ""
                },
                "vpc_endpoint_s3_pl_id": {
                    "sensitive": false,
                    "type": "string",
                    "value": ""
                },
                "vpc_id": {
                    "sensitive": false,
                    "type": "string",
                    "value": "vpc-0282b001d5cd3edf4"
                },
                "vpc_instance_tenancy": {
                    "sensitive": false,
                    "type": "string",
                    "value": "default"
                },
                "vpc_main_route_table_id": {
                    "sensitive": false,
                    "type": "string",
                    "value": "rtb-0f6d199fa9e390270"
                },
                "vpc_secondary_cidr_blocks": {
                    "sensitive": false,
                    "type": "list",
                    "value": []
                }
            },
            "resources": {
                "aws_eip.nat": {
                    "type": "aws_eip",
                    "depends_on": [
                        "local.nat_gateway_count"
                    ],
                    "primary": {
                        "id": "eipalloc-0d5d8e09b0db79b74",
                        "attributes": {
                            "association_id": "eipassoc-0dcc608d0e6570227",
                            "domain": "vpc",
                            "id": "eipalloc-0d5d8e09b0db79b74",
                            "instance": "",
                            "network_interface": "eni-0c9a6c9e4c305c4a9",
                            "private_dns": "ip-10-50-11-94.ec2.internal",
                            "private_ip": "10.50.11.94",
                            "public_dns": "ec2-3-226-130-132.compute-1.amazonaws.com",
                            "public_ip": "3.226.130.132",
                            "public_ipv4_pool": "amazon",
                            "tags.%": "2",
                            "tags.Name": "ecs-vpc-us-east-1a",
                            "tags.Terraform": "true",
                            "vpc": "true"
                        },
                        "meta": {
                            "e2bfb730-ecaa-11e6-8f88-34363bc7c4c0": {
                                "delete": 180000000000,
                                "read": 900000000000,
                                "update": 300000000000
                            }
                        },
                        "tainted": false
                    },
                    "deposed": [],
                    "provider": "provider.aws"
                },
                "aws_internet_gateway.this": {
                    "type": "aws_internet_gateway",
                    "depends_on": [
                        "local.vpc_id"
                    ],
                    "primary": {
                        "id": "igw-08f65584c09024982",
                        "attributes": {
                            "id": "igw-08f65584c09024982",
                            "owner_id": "541585145005",
                            "tags.%": "2",
                            "tags.Name": "ecs-vpc",
                            "tags.Terraform": "true",
                            "vpc_id": "vpc-0282b001d5cd3edf4"
                        },
                        "meta": {},
                        "tainted": false
                    },
                    "deposed": [],
                    "provider": "provider.aws"
                },
                "aws_nat_gateway.this": {
                    "type": "aws_nat_gateway",
                    "depends_on": [
                        "aws_internet_gateway.this",
                        "aws_subnet.public.*",
                        "local.nat_gateway_count",
                        "local.nat_gateway_ips"
                    ],
                    "primary": {
                        "id": "nat-04a675b66d77763fb",
                        "attributes": {
                            "allocation_id": "eipalloc-0d5d8e09b0db79b74",
                            "id": "nat-04a675b66d77763fb",
                            "network_interface_id": "eni-0c9a6c9e4c305c4a9",
                            "private_ip": "10.50.11.94",
                            "public_ip": "3.226.130.132",
                            "subnet_id": "subnet-0f855cddb14e796de",
                            "tags.%": "2",
                            "tags.Name": "ecs-vpc-us-east-1a",
                            "tags.Terraform": "true"
                        },
                        "meta": {},
                        "tainted": false
                    },
                    "deposed": [],
                    "provider": "provider.aws"
                },
                "aws_route.private_nat_gateway": {
                    "type": "aws_route",
                    "depends_on": [
                        "aws_nat_gateway.this.*",
                        "aws_route_table.private.*",
                        "local.nat_gateway_count"
                    ],
                    "primary": {
                        "id": "r-rtb-089ef564b80782ad31080289494",
                        "attributes": {
                            "destination_cidr_block": "0.0.0.0/0",
                            "destination_prefix_list_id": "",
                            "egress_only_gateway_id": "",
                            "gateway_id": "",
                            "id": "r-rtb-089ef564b80782ad31080289494",
                            "instance_id": "",
                            "instance_owner_id": "",
                            "nat_gateway_id": "nat-04a675b66d77763fb",
                            "network_interface_id": "",
                            "origin": "CreateRoute",
                            "route_table_id": "rtb-089ef564b80782ad3",
                            "state": "active",
                            "transit_gateway_id": "",
                            "vpc_peering_connection_id": ""
                        },
                        "meta": {
                            "e2bfb730-ecaa-11e6-8f88-34363bc7c4c0": {
                                "create": 300000000000,
                                "delete": 300000000000
                            }
                        },
                        "tainted": false
                    },
                    "deposed": [],
                    "provider": "provider.aws"
                },
                "aws_route.public_internet_gateway": {
                    "type": "aws_route",
                    "depends_on": [
                        "aws_internet_gateway.this",
                        "aws_route_table.public"
                    ],
                    "primary": {
                        "id": "r-rtb-0eeaae714436d82891080289494",
                        "attributes": {
                            "destination_cidr_block": "0.0.0.0/0",
                            "destination_prefix_list_id": "",
                            "egress_only_gateway_id": "",
                            "gateway_id": "igw-08f65584c09024982",
                            "id": "r-rtb-0eeaae714436d82891080289494",
                            "instance_id": "",
                            "instance_owner_id": "",
                            "nat_gateway_id": "",
                            "network_interface_id": "",
                            "origin": "CreateRoute",
                            "route_table_id": "rtb-0eeaae714436d8289",
                            "state": "active",
                            "transit_gateway_id": "",
                            "vpc_peering_connection_id": ""
                        },
                        "meta": {
                            "e2bfb730-ecaa-11e6-8f88-34363bc7c4c0": {
                                "create": 300000000000,
                                "delete": 300000000000
                            }
                        },
                        "tainted": false
                    },
                    "deposed": [],
                    "provider": "provider.aws"
                },
                "aws_route_table.private": {
                    "type": "aws_route_table",
                    "depends_on": [
                        "local.max_subnet_length",
                        "local.nat_gateway_count",
                        "local.vpc_id"
                    ],
                    "primary": {
                        "id": "rtb-089ef564b80782ad3",
                        "attributes": {
                            "id": "rtb-089ef564b80782ad3",
                            "owner_id": "541585145005",
                            "propagating_vgws.#": "0",
                            "route.#": "1",
                            "route.417085430.cidr_block": "0.0.0.0/0",
                            "route.417085430.egress_only_gateway_id": "",
                            "route.417085430.gateway_id": "",
                            "route.417085430.instance_id": "",
                            "route.417085430.ipv6_cidr_block": "",
                            "route.417085430.nat_gateway_id": "nat-04a675b66d77763fb",
                            "route.417085430.network_interface_id": "",
                            "route.417085430.transit_gateway_id": "",
                            "route.417085430.vpc_peering_connection_id": "",
                            "tags.%": "2",
                            "tags.Name": "ecs-vpc-private",
                            "tags.Terraform": "true",
                            "vpc_id": "vpc-0282b001d5cd3edf4"
                        },
                        "meta": {},
                        "tainted": false
                    },
                    "deposed": [],
                    "provider": "provider.aws"
                },
                "aws_route_table.public": {
                    "type": "aws_route_table",
                    "depends_on": [
                        "local.vpc_id"
                    ],
                    "primary": {
                        "id": "rtb-0eeaae714436d8289",
                        "attributes": {
                            "id": "rtb-0eeaae714436d8289",
                            "owner_id": "541585145005",
                            "propagating_vgws.#": "0",
                            "route.#": "1",
                            "route.3103199165.cidr_block": "0.0.0.0/0",
                            "route.3103199165.egress_only_gateway_id": "",
                            "route.3103199165.gateway_id": "igw-08f65584c09024982",
                            "route.3103199165.instance_id": "",
                            "route.3103199165.ipv6_cidr_block": "",
                            "route.3103199165.nat_gateway_id": "",
                            "route.3103199165.network_interface_id": "",
                            "route.3103199165.transit_gateway_id": "",
                            "route.3103199165.vpc_peering_connection_id": "",
                            "tags.%": "2",
                            "tags.Name": "ecs-vpc-public",
                            "tags.Terraform": "true",
                            "vpc_id": "vpc-0282b001d5cd3edf4"
                        },
                        "meta": {},
                        "tainted": false
                    },
                    "deposed": [],
                    "provider": "provider.aws"
                },
                "aws_route_table_association.private.0": {
                    "type": "aws_route_table_association",
                    "depends_on": [
                        "aws_route_table.private.*",
                        "aws_subnet.private.*"
                    ],
                    "primary": {
                        "id": "rtbassoc-0d779afafac28a6c0",
                        "attributes": {
                            "id": "rtbassoc-0d779afafac28a6c0",
                            "route_table_id": "rtb-089ef564b80782ad3",
                            "subnet_id": "subnet-0ab399933537e6622"
                        },
                        "meta": {},
                        "tainted": false
                    },
                    "deposed": [],
                    "provider": "provider.aws"
                },
                "aws_route_table_association.private.1": {
                    "type": "aws_route_table_association",
                    "depends_on": [
                        "aws_route_table.private.*",
                        "aws_subnet.private.*"
                    ],
                    "primary": {
                        "id": "rtbassoc-0907ac5ffceaf5395",
                        "attributes": {
                            "id": "rtbassoc-0907ac5ffceaf5395",
                            "route_table_id": "rtb-089ef564b80782ad3",
                            "subnet_id": "subnet-041ee0754ebc5547a"
                        },
                        "meta": {},
                        "tainted": false
                    },
                    "deposed": [],
                    "provider": "provider.aws"
                },
                "aws_route_table_association.public.0": {
                    "type": "aws_route_table_association",
                    "depends_on": [
                        "aws_route_table.public",
                        "aws_subnet.public.*"
                    ],
                    "primary": {
                        "id": "rtbassoc-06923f8fb50e404bb",
                        "attributes": {
                            "id": "rtbassoc-06923f8fb50e404bb",
                            "route_table_id": "rtb-0eeaae714436d8289",
                            "subnet_id": "subnet-0f855cddb14e796de"
                        },
                        "meta": {},
                        "tainted": false
                    },
                    "deposed": [],
                    "provider": "provider.aws"
                },
                "aws_route_table_association.public.1": {
                    "type": "aws_route_table_association",
                    "depends_on": [
                        "aws_route_table.public",
                        "aws_subnet.public.*"
                    ],
                    "primary": {
                        "id": "rtbassoc-075662b465e94d45f",
                        "attributes": {
                            "id": "rtbassoc-075662b465e94d45f",
                            "route_table_id": "rtb-0eeaae714436d8289",
                            "subnet_id": "subnet-05c420067d8bbe716"
                        },
                        "meta": {},
                        "tainted": false
                    },
                    "deposed": [],
                    "provider": "provider.aws"
                },
                "aws_subnet.private.0": {
                    "type": "aws_subnet",
                    "depends_on": [
                        "local.vpc_id"
                    ],
                    "primary": {
                        "id": "subnet-0ab399933537e6622",
                        "attributes": {
                            "arn": "arn:aws:ec2:us-east-1:541585145005:subnet/subnet-0ab399933537e6622",
                            "assign_ipv6_address_on_creation": "false",
                            "availability_zone": "us-east-1a",
                            "availability_zone_id": "use1-az1",
                            "cidr_block": "10.50.21.0/24",
                            "id": "subnet-0ab399933537e6622",
                            "ipv6_cidr_block": "",
                            "ipv6_cidr_block_association_id": "",
                            "map_public_ip_on_launch": "false",
                            "owner_id": "541585145005",
                            "tags.%": "2",
                            "tags.Name": "ecs-vpc-private-us-east-1a",
                            "tags.Terraform": "true",
                            "vpc_id": "vpc-0282b001d5cd3edf4"
                        },
                        "meta": {
                            "e2bfb730-ecaa-11e6-8f88-34363bc7c4c0": {
                                "create": 600000000000,
                                "delete": 1200000000000
                            },
                            "schema_version": "1"
                        },
                        "tainted": false
                    },
                    "deposed": [],
                    "provider": "provider.aws"
                },
                "aws_subnet.private.1": {
                    "type": "aws_subnet",
                    "depends_on": [
                        "local.vpc_id"
                    ],
                    "primary": {
                        "id": "subnet-041ee0754ebc5547a",
                        "attributes": {
                            "arn": "arn:aws:ec2:us-east-1:541585145005:subnet/subnet-041ee0754ebc5547a",
                            "assign_ipv6_address_on_creation": "false",
                            "availability_zone": "us-east-1b",
                            "availability_zone_id": "use1-az2",
                            "cidr_block": "10.50.22.0/24",
                            "id": "subnet-041ee0754ebc5547a",
                            "ipv6_cidr_block": "",
                            "ipv6_cidr_block_association_id": "",
                            "map_public_ip_on_launch": "false",
                            "owner_id": "541585145005",
                            "tags.%": "2",
                            "tags.Name": "ecs-vpc-private-us-east-1b",
                            "tags.Terraform": "true",
                            "vpc_id": "vpc-0282b001d5cd3edf4"
                        },
                        "meta": {
                            "e2bfb730-ecaa-11e6-8f88-34363bc7c4c0": {
                                "create": 600000000000,
                                "delete": 1200000000000
                            },
                            "schema_version": "1"
                        },
                        "tainted": false
                    },
                    "deposed": [],
                    "provider": "provider.aws"
                },
                "aws_subnet.public.0": {
                    "type": "aws_subnet",
                    "depends_on": [
                        "local.vpc_id"
                    ],
                    "primary": {
                        "id": "subnet-0f855cddb14e796de",
                        "attributes": {
                            "arn": "arn:aws:ec2:us-east-1:541585145005:subnet/subnet-0f855cddb14e796de",
                            "assign_ipv6_address_on_creation": "false",
                            "availability_zone": "us-east-1a",
                            "availability_zone_id": "use1-az1",
                            "cidr_block": "10.50.11.0/24",
                            "id": "subnet-0f855cddb14e796de",
                            "ipv6_cidr_block": "",
                            "ipv6_cidr_block_association_id": "",
                            "map_public_ip_on_launch": "true",
                            "owner_id": "541585145005",
                            "tags.%": "2",
                            "tags.Name": "ecs-vpc-public-us-east-1a",
                            "tags.Terraform": "true",
                            "vpc_id": "vpc-0282b001d5cd3edf4"
                        },
                        "meta": {
                            "e2bfb730-ecaa-11e6-8f88-34363bc7c4c0": {
                                "create": 600000000000,
                                "delete": 1200000000000
                            },
                            "schema_version": "1"
                        },
                        "tainted": false
                    },
                    "deposed": [],
                    "provider": "provider.aws"
                },
                "aws_subnet.public.1": {
                    "type": "aws_subnet",
                    "depends_on": [
                        "local.vpc_id"
                    ],
                    "primary": {
                        "id": "subnet-05c420067d8bbe716",
                        "attributes": {
                            "arn": "arn:aws:ec2:us-east-1:541585145005:subnet/subnet-05c420067d8bbe716",
                            "assign_ipv6_address_on_creation": "false",
                            "availability_zone": "us-east-1b",
                            "availability_zone_id": "use1-az2",
                            "cidr_block": "10.50.12.0/24",
                            "id": "subnet-05c420067d8bbe716",
                            "ipv6_cidr_block": "",
                            "ipv6_cidr_block_association_id": "",
                            "map_public_ip_on_launch": "true",
                            "owner_id": "541585145005",
                            "tags.%": "2",
                            "tags.Name": "ecs-vpc-public-us-east-1b",
                            "tags.Terraform": "true",
                            "vpc_id": "vpc-0282b001d5cd3edf4"
                        },
                        "meta": {
                            "e2bfb730-ecaa-11e6-8f88-34363bc7c4c0": {
                                "create": 600000000000,
                                "delete": 1200000000000
                            },
                            "schema_version": "1"
                        },
                        "tainted": false
                    },
                    "deposed": [],
                    "provider": "provider.aws"
                },
                "aws_vpc.this": {
                    "type": "aws_vpc",
                    "depends_on": [],
                    "primary": {
                        "id": "vpc-0282b001d5cd3edf4",
                        "attributes": {
                            "arn": "arn:aws:ec2:us-east-1:541585145005:vpc/vpc-0282b001d5cd3edf4",
                            "assign_generated_ipv6_cidr_block": "false",
                            "cidr_block": "10.50.0.0/16",
                            "default_network_acl_id": "acl-018b7fb0cef8c7978",
                            "default_route_table_id": "rtb-0f6d199fa9e390270",
                            "default_security_group_id": "sg-0cde8993c295361a0",
                            "dhcp_options_id": "dopt-4cbc1928",
                            "enable_classiclink": "false",
                            "enable_classiclink_dns_support": "false",
                            "enable_dns_hostnames": "true",
                            "enable_dns_support": "true",
                            "id": "vpc-0282b001d5cd3edf4",
                            "instance_tenancy": "default",
                            "ipv6_association_id": "",
                            "ipv6_cidr_block": "",
                            "main_route_table_id": "rtb-0f6d199fa9e390270",
                            "owner_id": "541585145005",
                            "tags.%": "2",
                            "tags.Name": "ecs-vpc",
                            "tags.Terraform": "true"
                        },
                        "meta": {
                            "schema_version": "1"
                        },
                        "tainted": false
                    },
                    "deposed": [],
                    "provider": "provider.aws"
                }
            },
            "depends_on": []
        },
        {
            "path": [
                "root",
                "lb_s3_bucket",
                "label"
            ],
            "outputs": {
                "attributes": {
                    "sensitive": false,
                    "type": "string",
                    "value": ""
                },
                "id": {
                    "sensitive": false,
                    "type": "string",
                    "value": "dcr-test-lb-s3-bucket-98749234phwhfkjsdhfwer"
                },
                "name": {
                    "sensitive": false,
                    "type": "string",
                    "value": "lb-s3-bucket-98749234phwhfkjsdhfwer"
                },
                "namespace": {
                    "sensitive": false,
                    "type": "string",
                    "value": "dcr"
                },
                "stage": {
                    "sensitive": false,
                    "type": "string",
                    "value": "test"
                },
                "tags": {
                    "sensitive": false,
                    "type": "map",
                    "value": {
                        "Name": "dcr-test-lb-s3-bucket-98749234phwhfkjsdhfwer",
                        "Namespace": "dcr",
                        "Stage": "test"
                    }
                }
            },
            "resources": {},
            "depends_on": []
        },
        {
            "path": [
                "root",
                "lb_s3_bucket",
                "s3_bucket"
            ],
            "outputs": {
                "bucket_arn": {
                    "sensitive": false,
                    "type": "string",
                    "value": "arn:aws:s3:::dcr-test-lb-s3-bucket-98749234phwhfkjsdhfwer"
                },
                "bucket_domain_name": {
                    "sensitive": false,
                    "type": "string",
                    "value": "dcr-test-lb-s3-bucket-98749234phwhfkjsdhfwer.s3.amazonaws.com"
                },
                "bucket_id": {
                    "sensitive": false,
                    "type": "string",
                    "value": "dcr-test-lb-s3-bucket-98749234phwhfkjsdhfwer"
                },
                "prefix": {
                    "sensitive": false,
                    "type": "string",
                    "value": ""
                }
            },
            "resources": {
                "aws_s3_bucket.default": {
                    "type": "aws_s3_bucket",
                    "depends_on": [
                        "module.default_label"
                    ],
                    "primary": {
                        "id": "dcr-test-lb-s3-bucket-98749234phwhfkjsdhfwer",
                        "attributes": {
                            "acceleration_status": "",
                            "acl": "log-delivery-write",
                            "arn": "arn:aws:s3:::dcr-test-lb-s3-bucket-98749234phwhfkjsdhfwer",
                            "bucket": "dcr-test-lb-s3-bucket-98749234phwhfkjsdhfwer",
                            "bucket_domain_name": "dcr-test-lb-s3-bucket-98749234phwhfkjsdhfwer.s3.amazonaws.com",
                            "bucket_regional_domain_name": "dcr-test-lb-s3-bucket-98749234phwhfkjsdhfwer.s3.amazonaws.com",
                            "cors_rule.#": "0",
                            "force_destroy": "true",
                            "hosted_zone_id": "Z3AQBSTGFYJSTF",
                            "id": "dcr-test-lb-s3-bucket-98749234phwhfkjsdhfwer",
                            "lifecycle_rule.#": "1",
                            "lifecycle_rule.0.abort_incomplete_multipart_upload_days": "0",
                            "lifecycle_rule.0.enabled": "false",
                            "lifecycle_rule.0.expiration.#": "1",
                            "lifecycle_rule.0.expiration.4042355233.date": "",
                            "lifecycle_rule.0.expiration.4042355233.days": "90",
                            "lifecycle_rule.0.expiration.4042355233.expired_object_delete_marker": "false",
                            "lifecycle_rule.0.id": "dcr-test-lb-s3-bucket-98749234phwhfkjsdhfwer",
                            "lifecycle_rule.0.noncurrent_version_expiration.#": "1",
                            "lifecycle_rule.0.noncurrent_version_expiration.1315073419.days": "90",
                            "lifecycle_rule.0.noncurrent_version_transition.#": "1",
                            "lifecycle_rule.0.noncurrent_version_transition.3891883947.days": "30",
                            "lifecycle_rule.0.noncurrent_version_transition.3891883947.storage_class": "GLACIER",
                            "lifecycle_rule.0.prefix": "",
                            "lifecycle_rule.0.tags.%": "3",
                            "lifecycle_rule.0.tags.Name": "dcr-test-lb-s3-bucket-98749234phwhfkjsdhfwer",
                            "lifecycle_rule.0.tags.Namespace": "dcr",
                            "lifecycle_rule.0.tags.Stage": "test",
                            "lifecycle_rule.0.transition.#": "2",
                            "lifecycle_rule.0.transition.2000431762.date": "",
                            "lifecycle_rule.0.transition.2000431762.days": "30",
                            "lifecycle_rule.0.transition.2000431762.storage_class": "STANDARD_IA",
                            "lifecycle_rule.0.transition.6450812.date": "",
                            "lifecycle_rule.0.transition.6450812.days": "60",
                            "lifecycle_rule.0.transition.6450812.storage_class": "GLACIER",
                            "logging.#": "0",
                            "object_lock_configuration.#": "0",
                            "policy": "{\"Statement\":[{\"Action\":\"s3:PutObject\",\"Effect\":\"Allow\",\"Principal\":{\"AWS\":\"arn:aws:iam::127311923021:root\"},\"Resource\":\"arn:aws:s3:::dcr-test-lb-s3-bucket-98749234phwhfkjsdhfwer/*\",\"Sid\":\"\"}],\"Version\":\"2012-10-17\"}",
                            "region": "us-east-1",
                            "replication_configuration.#": "0",
                            "request_payer": "BucketOwner",
                            "server_side_encryption_configuration.#": "1",
                            "server_side_encryption_configuration.0.rule.#": "1",
                            "server_side_encryption_configuration.0.rule.0.apply_server_side_encryption_by_default.#": "1",
                            "server_side_encryption_configuration.0.rule.0.apply_server_side_encryption_by_default.0.kms_master_key_id": "",
                            "server_side_encryption_configuration.0.rule.0.apply_server_side_encryption_by_default.0.sse_algorithm": "AES256",
                            "tags.%": "3",
                            "tags.Name": "dcr-test-lb-s3-bucket-98749234phwhfkjsdhfwer",
                            "tags.Namespace": "dcr",
                            "tags.Stage": "test",
                            "versioning.#": "1",
                            "versioning.0.enabled": "true",
                            "versioning.0.mfa_delete": "false",
                            "website.#": "0"
                        },
                        "meta": {},
                        "tainted": false
                    },
                    "deposed": [],
                    "provider": "provider.aws"
                }
            },
            "depends_on": []
        },
        {
            "path": [
                "root",
                "lb_s3_bucket",
                "s3_bucket",
                "default_label"
            ],
            "outputs": {
                "attributes": {
                    "sensitive": false,
                    "type": "string",
                    "value": ""
                },
                "id": {
                    "sensitive": false,
                    "type": "string",
                    "value": "dcr-test-lb-s3-bucket-98749234phwhfkjsdhfwer"
                },
                "name": {
                    "sensitive": false,
                    "type": "string",
                    "value": "lb-s3-bucket-98749234phwhfkjsdhfwer"
                },
                "namespace": {
                    "sensitive": false,
                    "type": "string",
                    "value": "dcr"
                },
                "stage": {
                    "sensitive": false,
                    "type": "string",
                    "value": "test"
                },
                "tags": {
                    "sensitive": false,
                    "type": "map",
                    "value": {
                        "Name": "dcr-test-lb-s3-bucket-98749234phwhfkjsdhfwer",
                        "Namespace": "dcr",
                        "Stage": "test"
                    }
                }
            },
            "resources": {
                "null_resource.default": {
                    "type": "null_resource",
                    "depends_on": [],
                    "primary": {
                        "id": "6925253095427953331",
                        "attributes": {
                            "id": "6925253095427953331",
                            "triggers.%": "5",
                            "triggers.attributes": "",
                            "triggers.id": "dcr-test-lb-s3-bucket-98749234phwhfkjsdhfwer",
                            "triggers.name": "lb-s3-bucket-98749234phwhfkjsdhfwer",
                            "triggers.namespace": "dcr",
                            "triggers.stage": "test"
                        },
                        "meta": {},
                        "tainted": false
                    },
                    "deposed": [],
                    "provider": "provider.null"
                }
            },
            "depends_on": []
        }
    ]
}
